#MicroXplorer Configuration settings - do not modify
CAD.formats=[]
CAD.pinconfig=Dual
CAD.provider=
File.Version=6
KeepUserPlacement=false
COMP1.BlankingSrce=COMP_BLANKINGSRC_NONE
COMP1.Hysteresis=COMP_HYSTERESIS_NONE
COMP1.IPParameters=TriggerMode,Hysteresis,BlankingSrce,OutputPol,Mode
COMP1.Mode=COMP_POWERMODE_HIGHSPEED
COMP1.OutputPol=COMP_OUTPUTPOL_NONINVERTED
COMP1.TriggerMode=COMP_TRIGGERMODE_NONE
COMP3.BlankingSrce=COMP_BLANKINGSRC_NONE
COMP3.Hysteresis=COMP_HYSTERESIS_NONE
COMP3.IPParameters=TriggerMode,Hysteresis,BlankingSrce,OutputPol,Mode
COMP3.Mode=COMP_POWERMODE_HIGHSPEED
COMP3.OutputPol=COMP_OUTPUTPOL_NONINVERTED
COMP3.TriggerMode=COMP_TRIGGERMODE_NONE
Mcu.CPN=STM32G474CBT6
Mcu.Family=STM32G4
Mcu.IP0=ADC1
Mcu.IP1=ADC2
Mcu.IP2=COMP1
Mcu.IP3=COMP3
Mcu.IP4=DAC1
Mcu.IP5=DAC3
Mcu.IP6=HRTIM1
Mcu.IP7=NVIC
Mcu.IP8=RCC
Mcu.IP9=SYS
Mcu.IP10=TIM2
Mcu.IP11=TIM3
Mcu.IP12=USART2
Mcu.IPNb=13
Mcu.Name=STM32G474CBTx
Mcu.Package=LQFP48
Mcu.Pin0=PA0
Mcu.Pin1=PA1
Mcu.Pin2=PA2
Mcu.Pin3=PA3
Mcu.Pin4=PA6
Mcu.Pin5=PA7
Mcu.Pin6=PA8
Mcu.Pin7=PA9
Mcu.Pin8=PA10
Mcu.Pin9=PA11
Mcu.Pin10=PA12
Mcu.Pin11=PA13
Mcu.Pin12=PA14
Mcu.Pin13=PA15
Mcu.Pin14=PB0
Mcu.Pin15=PB2
Mcu.Pin16=PB3
Mcu.Pin17=PB4
Mcu.Pin18=PB5
Mcu.Pin19=PB6
Mcu.Pin20=PB7
Mcu.Pin21=PB8-BOOT0
Mcu.Pin22=PB9
Mcu.Pin23=PB10
Mcu.Pin24=PB11
Mcu.Pin25=PB12
Mcu.Pin26=PB13
Mcu.Pin27=PB14
Mcu.Pin28=PB15
Mcu.Pin29=PC13
Mcu.Pin30=PC14
Mcu.Pin31=PC15
Mcu.Pin32=VP_COMP1_VS_DAC1OUT1
Mcu.Pin33=VP_COMP3_VS_DAC3OUT1
Mcu.Pin34=VP_DAC1_VS_DACI1
Mcu.Pin35=VP_DAC3_VS_DACI1
Mcu.Pin36=VP_SYS_VS_Systick
Mcu.Pin37=PA4
Mcu.Pin38=PA5
Mcu.Pin39=PB1
Mcu.Pin40=PF0-OSC_IN
Mcu.Pin41=PF1-OSC_OUT
Mcu.PinsNb=42
Mcu.UserName=STM32G474CBTx
Mcu.ThirdPartyNb=0
Mcu.UserConstants=
MxCube.Version=6.15.0
MxDb.Version=DB.6.0.150

NVIC.BusFault_IRQn=true\:0\:0\:false\:false\:true\:false\:false\:false
NVIC.DebugMonitor_IRQn=true\:0\:0\:false\:false\:true\:false\:false\:false
NVIC.ForceEnableDMAVector=true
NVIC.HardFault_IRQn=true\:0\:0\:false\:false\:true\:false\:false\:false
NVIC.MemoryManagement_IRQn=true\:0\:0\:false\:false\:true\:false\:false\:false
NVIC.NonMaskableInt_IRQn=true\:0\:0\:false\:false\:true\:false\:false\:false
NVIC.PendSV_IRQn=true\:0\:0\:false\:false\:true\:false\:false\:false
NVIC.PriorityGroup=NVIC_PRIORITYGROUP_4
NVIC.SVCall_IRQn=true\:0\:0\:false\:false\:true\:false\:false\:false
NVIC.SysTick_IRQn=true\:15\:0\:false\:false\:true\:false\:true\:false
NVIC.UsageFault_IRQn=true\:0\:0\:false\:false\:true\:false\:false\:false

# CubeMX records one primary function per pin. PA0/PA1 are COMP inputs here;
# firmware may also sample the same analog pads as ADC1_IN1/ADC1_IN2 for offset calibration.
PA0.GPIOParameters=GPIO_Label
PA0.GPIO_Label=COMP_V
PA0.Locked=true
PA0.Mode=INP
PA0.Signal=COMP3_INP
PA1.GPIOParameters=GPIO_Label
PA1.GPIO_Label=COMP_I
PA1.Locked=true
PA1.Mode=INP
PA1.Signal=COMP1_INP
PA2.Signal=USART2_TX
PA3.Signal=USART2_RX
PA4.GPIOParameters=GPIO_Label,GPIO_Speed
PA4.GPIO_Label=RUN_LED
PA4.GPIO_Speed=GPIO_SPEED_FREQ_LOW
PA4.Locked=true
PA4.Signal=GPIO_Output
PA5.GPIOParameters=GPIO_Label,GPIO_PuPd,GPIO_Speed
PA5.GPIO_Label=BZ_OUT
PA5.GPIO_PuPd=GPIO_PULLDOWN
PA5.GPIO_Speed=GPIO_SPEED_FREQ_MEDIUM
PA5.Locked=true
PA5.Mode=PWM Generation1 CH1
PA5.Signal=TIM2_CH1
PA6.Mode=IN3-Single-ended
PA6.Signal=ADC2_IN3
PA7.GPIOParameters=GPIO_Label
PA7.GPIO_Label=PWM_OUTPUT
PA7.Signal=TIM3_CH2
PA8.Signal=HRTIM1_CHA1
PA9.Signal=HRTIM1_CHA2
PA10.GPIOParameters=GPIO_Label,GPIO_PuPd
PA10.GPIO_Label=REMOTE
PA10.Locked=true
PA10.Mode=GPIO_Input
PA10.Signal=GPIO_Input
PA10.GPIO_PuPd=GPIO_NOPULL
PA11.GPIOParameters=GPIO_Label,GPIO_PuPd
PA11.GPIO_Label=RUN_SW
PA11.Locked=true
PA11.Mode=GPIO_Input
PA11.Signal=GPIO_Input
PA11.GPIO_PuPd=GPIO_NOPULL
PA12.GPIOParameters=GPIO_Label,GPIO_PuPd
PA12.GPIO_Label=SWEEP_SW
PA12.Locked=true
PA12.Mode=GPIO_Input
PA12.Signal=GPIO_Input
PA12.GPIO_PuPd=GPIO_NOPULL
PA13.Signal=SYS_JTMS-SWDIO
PA13.Mode=Serial_Wire
PA14.Signal=SYS_JTCK-SWCLK
PA14.Mode=Serial_Wire
PA15.GPIOParameters=GPIO_Label,GPIO_PuPd,GPIO_Speed
PA15.GPIO_Label=SONIC_ON
PA15.GPIO_Speed=GPIO_SPEED_FREQ_HIGH
PA15.GPIO_PuPd=GPIO_NOPULL
PA15.Signal=GPIO_Output

PB2.GPIOParameters=GPIO_Label,GPIO_Speed
PB2.GPIO_Label=RTERM
PB2.Locked=true
PB2.Signal=GPIO_Output
PB0.GPIOParameters=GPIO_Label,GPIO_PuPd,GPIO_Speed
PB0.GPIO_Label=CLK_LCD
PB0.GPIO_PuPd=GPIO_NOPULL
PB0.GPIO_Speed=GPIO_SPEED_FREQ_MEDIUM
PB0.Locked=true
PB0.Signal=GPIO_Output
PB1.GPIOParameters=GPIO_Label
PB1.GPIO_Label=PWM_VR
PB1.Locked=true
PB1.Mode=IN12-Single-ended
PB1.Signal=ADC1_IN12
PB3.GPIO_Label=485BD_DETECT
PB3.GPIOParameters=GPIO_Label,GPIO_PuPd
PB3.Signal=GPIO_Input
PB3.GPIO_PuPd=GPIO_NOPULL
PB4.GPIOParameters=GPIO_Label,GPIO_PuPd,GPIO_Speed
PB4.GPIO_PuPd=GPIO_PULLDOWN
PB4.GPIO_Speed=GPIO_SPEED_FREQ_HIGH
PB4.Locked=true
PB4.Signal=GPIO_Output
PB5.GPIOParameters=GPIO_Label,GPIO_PuPd,GPIO_Speed
PB5.GPIO_Label=RE_RS485
PB5.GPIO_PuPd=GPIO_PULLDOWN
PB5.GPIO_Speed=GPIO_SPEED_FREQ_HIGH
PB5.Locked=true
PB5.Signal=GPIO_Output
PB6.GPIOParameters=GPIO_Label,GPIO_PuPd
PB6.GPIO_Label=MODE
PB6.GPIO_PuPd=GPIO_NOPULL
PB6.Locked=true
PB6.Signal=GPIO_Input
PB7.GPIOParameters=GPIO_Label,GPIO_PuPd
PB7.GPIO_Label=DOWN
PB7.GPIO_PuPd=GPIO_NOPULL
PB7.Locked=true
PB7.Signal=GPIO_Input
# PB8/BOOT0 is used as UP with an external pull-up.
# Program option bytes nSWBOOT0=0, nBOOT0=1 so reset always boots User Flash.
PB8-BOOT0.GPIOParameters=GPIO_Label,GPIO_PuPd
PB8-BOOT0.GPIO_Label=UP
PB8-BOOT0.GPIO_PuPd=GPIO_NOPULL
PB8-BOOT0.Locked=true
PB8-BOOT0.Signal=GPIO_Input
PB9.GPIOParameters=GPIO_Label,GPIO_PuPd
PB9.GPIO_Label=START_STOP
PB9.GPIO_PuPd=GPIO_NOPULL
PB9.Locked=true
PB9.Signal=GPIO_Input
PB10.GPIOParameters=GPIO_Label,GPIO_Speed
PB10.GPIO_Label=LCD_E
PB10.GPIO_Speed=GPIO_SPEED_FREQ_MEDIUM
PB10.Locked=true
PB10.Signal=GPIO_Output
PB11.GPIOParameters=GPIO_Label,GPIO_Speed
PB11.GPIO_Label=LCD_RS
PB11.GPIO_Speed=GPIO_SPEED_FREQ_MEDIUM
PB11.Locked=true
PB11.Signal=GPIO_Output
PB12.GPIOParameters=GPIO_Label,GPIO_Speed
PB12.GPIO_Label=LCD_D4
PB12.GPIO_Speed=GPIO_SPEED_FREQ_MEDIUM
PB12.Locked=true
PB12.Signal=GPIO_Output
PB13.GPIOParameters=GPIO_Label,GPIO_Speed
PB13.GPIO_Label=LCD_D5
PB13.GPIO_Speed=GPIO_SPEED_FREQ_MEDIUM
PB13.Locked=true
PB13.Signal=GPIO_Output
PB14.GPIOParameters=GPIO_Label,GPIO_Speed
PB14.GPIO_Label=LCD_D6
PB14.GPIO_Speed=GPIO_SPEED_FREQ_MEDIUM
PB14.Locked=true
PB14.Signal=GPIO_Output
PB15.GPIOParameters=GPIO_Label,GPIO_Speed
PB15.GPIO_Label=LCD_D7
PB15.GPIO_Speed=GPIO_SPEED_FREQ_MEDIUM
PB15.Locked=true
PB15.Signal=GPIO_Output

PC13.GPIOParameters=GPIO_Label,GPIO_Speed
PC13.GPIO_Label=GOING
PC13.GPIO_Speed=GPIO_SPEED_FREQ_LOW
PC13.Locked=true
PC13.Signal=GPIO_Output
PC14.GPIOParameters=GPIO_Label,GPIO_Speed
PC14.GPIO_Label=END_BZ
PC14.GPIO_Speed=GPIO_SPEED_FREQ_LOW
PC14.Locked=true
PC14.Signal=GPIO_Output
PC15.GPIOParameters=GPIO_Label,GPIO_PuPd
PC15.GPIO_Label=SPARE
PC15.GPIO_PuPd=GPIO_NOPULL
PC15.Locked=true
PC15.Signal=GPIO_Input

PF0-OSC_IN.Signal=RCC_OSC_IN
PF1-OSC_OUT.Signal=RCC_OSC_OUT

ADC1.ClockPrescaler=ADC_CLOCK_ASYNC_DIV4
ADC1.IPParameters=ClockPrescaler,Resolution,ScanConvMode,ContinuousConvMode,NbrOfConversion
ADC1.Resolution=ADC_RESOLUTION_12B
ADC1.ScanConvMode=ADC_SCAN_DISABLE
ADC1.ContinuousConvMode=DISABLE
ADC1.NbrOfConversion=1
ADC2.ClockPrescaler=ADC_CLOCK_ASYNC_DIV4
ADC2.IPParameters=ClockPrescaler,Resolution,ScanConvMode,ContinuousConvMode,NbrOfConversion
ADC2.Resolution=ADC_RESOLUTION_12B
ADC2.ScanConvMode=ADC_SCAN_DISABLE
ADC2.ContinuousConvMode=DISABLE
ADC2.NbrOfConversion=1

# Runtime firmware configuration (manual CMake source is authoritative):
# TIM6 TRGO 4kHz -> ADC2_IN3 -> DMA1_Channel1 circular, 800-sample half window.
# TIM7 is configured directly by firmware as a 10kHz PA8/PA9 Sweep update timer.
# HRTIM EEV4=COMP1(PA1 current), EEV5=COMP3(PA0 voltage), Timer-A CPT2/CPT1.
# HRTIM Timer-A dead-time is selected from center frequency before Start:
# below 72.0kHz = DIV1/238 counts/1.4us, at or above 72.0kHz = 136 counts/0.8us.
# Sweep instantaneous frequency never changes dead-time; TA2 complements TA1.

HRTIM1.IPParameters=HRTIM1TimeBase,TimerA_Prescaler,TimerA_Mode,TimerA_Period
HRTIM1.HRTIM1TimeBase=HRTIM_TIMERINDEX_TIMER_A
HRTIM1.TimerA_Prescaler=HRTIM_PRESCALERRATIO_MUL4
HRTIM1.TimerA_Mode=HRTIM_MODE_CONTINUOUS
HRTIM1.TimerA_Period=24285

TIM3.Channel-PWM\ Generation2=TIM_CHANNEL_2
TIM3.IPParameters=Prescaler,Period,Pulse-PWM\ Generation2
TIM3.Prescaler=0
TIM3.Period=56665
TIM3.Pulse-PWM\ Generation2=0

USART2.BaudRate=9600
USART2.IPParameters=VirtualMode,Mode,WordLength,Parity,StopBits,BaudRate
USART2.Mode=MODE_TX_RX
USART2.WordLength=WORDLENGTH_9B
USART2.Parity=PARITY_EVEN
USART2.StopBits=STOPBITS_1
USART2.VirtualMode=VM_ASYNC

TIM2.Channel-PWM Generation1 CH1=TIM_CHANNEL_1
TIM2.IPParameters=Channel-PWM Generation1 CH1,Prescaler,Period
TIM2.Period=369
TIM2.Prescaler=169

VP_COMP1_VS_DAC1OUT1.Mode=INM_DAC1OUT1
VP_COMP1_VS_DAC1OUT1.Signal=COMP1_VS_DAC1OUT1
VP_COMP3_VS_DAC3OUT1.Mode=INM_DAC3OUT1
VP_COMP3_VS_DAC3OUT1.Signal=COMP3_VS_DAC3OUT1
VP_DAC1_VS_DACI1.Mode=DAC_OUT1_Int
VP_DAC1_VS_DACI1.Signal=DAC1_VS_DACI1
VP_DAC3_VS_DACI1.Mode=DAC_OUT1_Int
VP_DAC3_VS_DACI1.Signal=DAC3_VS_DACI1
VP_SYS_VS_Systick.Mode=SysTick
VP_SYS_VS_Systick.Signal=SYS_VS_Systick

PinOutPanel.RotationAngle=0
RCC.ADC12Freq_Value=170000000
RCC.AHBCLKDivider=RCC_SYSCLK_DIV1
RCC.AHBFreq_Value=170000000
RCC.APB1CLKDivider=RCC_HCLK_DIV1
RCC.APB1Freq_Value=170000000
RCC.APB1TimFreq_Value=170000000
RCC.APB2CLKDivider=RCC_HCLK_DIV1
RCC.APB2Freq_Value=170000000
RCC.APB2TimFreq_Value=170000000
RCC.CortexFreq_Value=170000000
RCC.FCLKCortexFreq_Value=170000000
RCC.HCLKFreq_Value=170000000
RCC.HRTIM1Freq_Value=170000000
RCC.HSE_VALUE=8000000
RCC.HSEState=RCC_HSE_ON
RCC.HSIState=RCC_HSI_OFF
RCC.HSI_VALUE=16000000
RCC.IPParameters=ADC12Freq_Value,AHBCLKDivider,AHBFreq_Value,APB1CLKDivider,APB1Freq_Value,APB1TimFreq_Value,APB2CLKDivider,APB2Freq_Value,APB2TimFreq_Value,CortexFreq_Value,FCLKCortexFreq_Value,HCLKFreq_Value,HRTIM1Freq_Value,HSEState,HSE_VALUE,HSIState,HSI_VALUE,OscillatorType,PLLM,PLLN,PLLP,PLLQ,PLLR,PLLSourceVirtual,PLLState,SYSCLKFreq_VALUE,SYSCLKSource,SYSCLKSourceVirtual,VCOInputFreq_Value,VCOOutputFreq_Value
RCC.OscillatorType=RCC_OSCILLATORTYPE_HSE
RCC.PLLM=RCC_PLLM_DIV2
RCC.PLLN=85
RCC.PLLP=RCC_PLLP_DIV2
RCC.PLLQ=RCC_PLLQ_DIV2
RCC.PLLR=RCC_PLLR_DIV2
RCC.PLLSourceVirtual=RCC_PLLSOURCE_HSE
RCC.PLLState=RCC_PLL_ON
RCC.SYSCLKFreq_VALUE=170000000
RCC.SYSCLKSource=RCC_SYSCLKSOURCE_PLLCLK
RCC.SYSCLKSourceVirtual=RCC_SYSCLKSOURCE_PLLCLK
RCC.VCOInputFreq_Value=4000000
RCC.VCOOutputFreq_Value=340000000
SYS.Debug=Serial_Wire
SYS.IPParameters=Debug
board=custom

ProjectManager.AskForMigrate=true
ProjectManager.BackupPrevious=false
ProjectManager.ComputerToolchain=false
ProjectManager.CoupleFile=false
ProjectManager.CustomerFirmwarePackage=
ProjectManager.DefaultFWLocation=true
ProjectManager.DeletePrevious=false
ProjectManager.DeviceId=STM32G474CBTx
ProjectManager.FirmwarePackage=STM32Cube FW_G4 V1.6.2
ProjectManager.FreePins=false
ProjectManager.HalAssertFull=false
ProjectManager.HeapSize=0x400
ProjectManager.KeepUserCode=true
ProjectManager.LastFirmware=true
ProjectManager.LibraryCopy=1
ProjectManager.MainLocation=Core/Src
ProjectManager.ProjectBuild=false
ProjectManager.ProjectFileName=us_main_board_st.ioc
ProjectManager.ProjectName=us_main_board_st
ProjectManager.ProjectStructure=
ProjectManager.RegisterCallBack=
ProjectManager.StackSize=0x800
ProjectManager.TargetToolchain=CMake
ProjectManager.ToolChainLocation=
ProjectManager.UnderRoot=false
ProjectManager.functionlistsort=1-MX_GPIO_Init-GPIO-false-HAL,2-MX_ADC1_Init-ADC1-false-HAL,3-MX_ADC2_Init-ADC2-false-HAL,4-MX_DAC1_Init-DAC1-false-HAL,5-MX_DAC3_Init-DAC3-false-HAL,6-MX_COMP1_Init-COMP1-false-HAL,7-MX_COMP3_Init-COMP3-false-HAL,8-MX_HRTIM1_Init-HRTIM1-false-HAL,9-MX_TIM2_Init-TIM2-false-HAL,10-MX_TIM3_Init-TIM3-false-HAL,11-MX_USART2_UART_Init-USART2-false-HAL
